
Microsoft Visual Studio Solution File, Format Version 12.00
# Visual Studio Version 17
VisualStudioVersion = 17.8.34525.116
MinimumVisualStudioVersion = 10.0.40219.1
Project("{9A19103F-16F7-4668-BE54-9A1E7A4F7556}") = "NanoLink", "NanoLink.csproj", "{615B3771-A309-4F24-BDD0-164E8856E06D}"
EndProject
Project("{FAE04EC0-301F-11D3-BF4B-00C04F79EFBC}") = "NanoLink.API.UnitTests", "..\NanoLink.API.UnitTests\NanoLink.API.UnitTests.csproj", "{7BA291D0-05EF-4276-9862-B4656EF9D428}"
EndProject
Global
	GlobalSection(SolutionConfigurationPlatforms) = preSolution
		Debug|Any CPU = Debug|Any CPU
		Release|Any CPU = Release|Any CPU
	EndGlobalSection
	GlobalSection(ProjectConfigurationPlatforms) = postSolution
		{615B3771-A309-4F24-BDD0-164E8856E06D}.Debug|Any CPU.ActiveCfg = Debug|Any CPU
		{615B3771-A309-4F24-BDD0-164E8856E06D}.Debug|Any CPU.Build.0 = Debug|Any CPU
		{615B3771-A309-4F24-BDD0-164E8856E06D}.Release|Any CPU.ActiveCfg = Release|Any CPU
		{615B3771-A309-4F24-BDD0-164E8856E06D}.Release|Any CPU.Build.0 = Release|Any CPU
		{7BA291D0-05EF-4276-9862-B4656EF9D428}.Debug|Any CPU.ActiveCfg = Debug|Any CPU
		{7BA291D0-05EF-4276-9862-B4656EF9D428}.Debug|Any CPU.Build.0 = Debug|Any CPU
		{7BA291D0-05EF-4276-9862-B4656EF9D428}.Release|Any CPU.ActiveCfg = Release|Any CPU
		{7BA291D0-05EF-4276-9862-B4656EF9D428}.Release|Any CPU.Build.0 = Release|Any CPU
	EndGlobalSection
	GlobalSection(SolutionProperties) = preSolution
		HideSolutionNode = FALSE
	EndGlobalSection
	GlobalSection(ExtensibilityGlobals) = postSolution
		SolutionGuid = {FA43CEE9-5C42-4A81-8DA8-676A6DB8B579}
	EndGlobalSection
EndGlobal
